
Microsoft Visual Studio Solution File, Format Version 12.00
# Visual Studio Version 17
VisualStudioVersion = 17.5.33530.505
MinimumVisualStudioVersion = 10.0.40219.1
Project("{FAE04EC0-301F-11D3-BF4B-00C04F79EFBC}") = "GroupPay", "ConsoleApp1\GroupPay.csproj", "{AB66EE89-E2DD-430E-BF66-B3EE6FCDEA77}"
EndProject
Global
	GlobalSection(SolutionConfigurationPlatforms) = preSolution
		Debug|Any CPU = Debug|Any CPU
		Release|Any CPU = Release|Any CPU
	EndGlobalSection
	GlobalSection(ProjectConfigurationPlatforms) = postSolution
		{AB66EE89-E2DD-430E-BF66-B3EE6FCDEA77}.Debug|Any CPU.ActiveCfg = Debug|Any CPU
		{AB66EE89-E2DD-430E-BF66-B3EE6FCDEA77}.Debug|Any CPU.Build.0 = Debug|Any CPU
		{AB66EE89-E2DD-430E-BF66-B3EE6FCDEA77}.Release|Any CPU.ActiveCfg = Release|Any CPU
		{AB66EE89-E2DD-430E-BF66-B3EE6FCDEA77}.Release|Any CPU.Build.0 = Release|Any CPU
	EndGlobalSection
	GlobalSection(SolutionProperties) = preSolution
		HideSolutionNode = FALSE
	EndGlobalSection
	GlobalSection(ExtensibilityGlobals) = postSolution
		SolutionGuid = {5A2215C9-5362-4405-AE1E-B1982D21D141}
	EndGlobalSection
EndGlobal
